
Microsoft Visual Studio Solution File, Format Version 12.00
# Visual Studio Version 16
VisualStudioVersion = 16.0.29519.87
MinimumVisualStudioVersion = 10.0.40219.1
Project("{FAE04EC0-301F-11D3-BF4B-00C04F79EFBC}") = "XamarinTestTask.Android", "XamarinTestTask.Android\XamarinTestTask.Android.csproj", "{CC30C662-89E4-4550-BB5B-7CE28590A8EE}"
EndProject
Project("{FAE04EC0-301F-11D3-BF4B-00C04F79EFBC}") = "XamarinTestTask.iOS", "XamarinTestTask.iOS\XamarinTestTask.iOS.csproj", "{44ABA1F7-7474-4E62-A6D6-72458B253F57}"
EndProject
Project("{FAE04EC0-301F-11D3-BF4B-00C04F79EFBC}") = "XamarinTestTask", "XamarinTestTask\XamarinTestTask.csproj", "{87A36DAA-FE8F-420B-BA13-161B95F06E64}"
EndProject
Global
	GlobalSection(SolutionConfigurationPlatforms) = preSolution
		Debug|Any CPU = Debug|Any CPU
		Debug|iPhone = Debug|iPhone
		Debug|iPhoneSimulator = Debug|iPhoneSimulator
		Release|Any CPU = Release|Any CPU
		Release|iPhone = Release|iPhone
		Release|iPhoneSimulator = Release|iPhoneSimulator
	EndGlobalSection
	GlobalSection(ProjectConfigurationPlatforms) = postSolution
		{CC30C662-89E4-4550-BB5B-7CE28590A8EE}.Debug|Any CPU.ActiveCfg = Debug|Any CPU
		{CC30C662-89E4-4550-BB5B-7CE28590A8EE}.Debug|Any CPU.Build.0 = Debug|Any CPU
		{CC30C662-89E4-4550-BB5B-7CE28590A8EE}.Debug|Any CPU.Deploy.0 = Debug|Any CPU
		{CC30C662-89E4-4550-BB5B-7CE28590A8EE}.Debug|iPhone.ActiveCfg = Debug|Any CPU
		{CC30C662-89E4-4550-BB5B-7CE28590A8EE}.Debug|iPhone.Build.0 = Debug|Any CPU
		{CC30C662-89E4-4550-BB5B-7CE28590A8EE}.Debug|iPhone.Deploy.0 = Debug|Any CPU
		{CC30C662-89E4-4550-BB5B-7CE28590A8EE}.Debug|iPhoneSimulator.ActiveCfg = Debug|Any CPU
		{CC30C662-89E4-4550-BB5B-7CE28590A8EE}.Debug|iPhoneSimulator.Build.0 = Debug|Any CPU
		{CC30C662-89E4-4550-BB5B-7CE28590A8EE}.Debug|iPhoneSimulator.Deploy.0 = Debug|Any CPU
		{CC30C662-89E4-4550-BB5B-7CE28590A8EE}.Release|Any CPU.ActiveCfg = Release|Any CPU
		{CC30C662-89E4-4550-BB5B-7CE28590A8EE}.Release|Any CPU.Build.0 = Release|Any CPU
		{CC30C662-89E4-4550-BB5B-7CE28590A8EE}.Release|Any CPU.Deploy.0 = Release|Any CPU
		{CC30C662-89E4-4550-BB5B-7CE28590A8EE}.Release|iPhone.ActiveCfg = Release|Any CPU
		{CC30C662-89E4-4550-BB5B-7CE28590A8EE}.Release|iPhone.Build.0 = Release|Any CPU
		{CC30C662-89E4-4550-BB5B-7CE28590A8EE}.Release|iPhone.Deploy.0 = Release|Any CPU
		{CC30C662-89E4-4550-BB5B-7CE28590A8EE}.Release|iPhoneSimulator.ActiveCfg = Release|Any CPU
		{CC30C662-89E4-4550-BB5B-7CE28590A8EE}.Release|iPhoneSimulator.Build.0 = Release|Any CPU
		{CC30C662-89E4-4550-BB5B-7CE28590A8EE}.Release|iPhoneSimulator.Deploy.0 = Release|Any CPU
		{44ABA1F7-7474-4E62-A6D6-72458B253F57}.Debug|Any CPU.ActiveCfg = Debug|iPhoneSimulator
		{44ABA1F7-7474-4E62-A6D6-72458B253F57}.Debug|Any CPU.Build.0 = Debug|iPhoneSimulator
		{44ABA1F7-7474-4E62-A6D6-72458B253F57}.Debug|Any CPU.Deploy.0 = Debug|iPhoneSimulator
		{44ABA1F7-7474-4E62-A6D6-72458B253F57}.Debug|iPhone.ActiveCfg = Debug|iPhone
		{44ABA1F7-7474-4E62-A6D6-72458B253F57}.Debug|iPhone.Build.0 = Debug|iPhone
		{44ABA1F7-7474-4E62-A6D6-72458B253F57}.Debug|iPhone.Deploy.0 = Debug|iPhone
		{44ABA1F7-7474-4E62-A6D6-72458B253F57}.Debug|iPhoneSimulator.ActiveCfg = Debug|iPhoneSimulator
		{44ABA1F7-7474-4E62-A6D6-72458B253F57}.Debug|iPhoneSimulator.Build.0 = Debug|iPhoneSimulator
		{44ABA1F7-7474-4E62-A6D6-72458B253F57}.Debug|iPhoneSimulator.Deploy.0 = Debug|iPhoneSimulator
		{44ABA1F7-7474-4E62-A6D6-72458B253F57}.Release|Any CPU.ActiveCfg = Release|iPhone
		{44ABA1F7-7474-4E62-A6D6-72458B253F57}.Release|Any CPU.Build.0 = Release|iPhone
		{44ABA1F7-7474-4E62-A6D6-72458B253F57}.Release|Any CPU.Deploy.0 = Release|iPhone
		{44ABA1F7-7474-4E62-A6D6-72458B253F57}.Release|iPhone.ActiveCfg = Release|iPhone
		{44ABA1F7-7474-4E62-A6D6-72458B253F57}.Release|iPhone.Build.0 = Release|iPhone
		{44ABA1F7-7474-4E62-A6D6-72458B253F57}.Release|iPhone.Deploy.0 = Release|iPhone
		{44ABA1F7-7474-4E62-A6D6-72458B253F57}.Release|iPhoneSimulator.ActiveCfg = Release|iPhoneSimulator
		{44ABA1F7-7474-4E62-A6D6-72458B253F57}.Release|iPhoneSimulator.Build.0 = Release|iPhoneSimulator
		{44ABA1F7-7474-4E62-A6D6-72458B253F57}.Release|iPhoneSimulator.Deploy.0 = Release|iPhoneSimulator
		{87A36DAA-FE8F-420B-BA13-161B95F06E64}.Debug|Any CPU.ActiveCfg = Debug|Any CPU
		{87A36DAA-FE8F-420B-BA13-161B95F06E64}.Debug|Any CPU.Build.0 = Debug|Any CPU
		{87A36DAA-FE8F-420B-BA13-161B95F06E64}.Debug|Any CPU.Deploy.0 = Debug|Any CPU
		{87A36DAA-FE8F-420B-BA13-161B95F06E64}.Debug|iPhone.ActiveCfg = Debug|Any CPU
		{87A36DAA-FE8F-420B-BA13-161B95F06E64}.Debug|iPhone.Build.0 = Debug|Any CPU
		{87A36DAA-FE8F-420B-BA13-161B95F06E64}.Debug|iPhone.Deploy.0 = Debug|Any CPU
		{87A36DAA-FE8F-420B-BA13-161B95F06E64}.Debug|iPhoneSimulator.ActiveCfg = Debug|Any CPU
		{87A36DAA-FE8F-420B-BA13-161B95F06E64}.Debug|iPhoneSimulator.Build.0 = Debug|Any CPU
		{87A36DAA-FE8F-420B-BA13-161B95F06E64}.Debug|iPhoneSimulator.Deploy.0 = Debug|Any CPU
		{87A36DAA-FE8F-420B-BA13-161B95F06E64}.Release|Any CPU.ActiveCfg = Release|Any CPU
		{87A36DAA-FE8F-420B-BA13-161B95F06E64}.Release|Any CPU.Build.0 = Release|Any CPU
		{87A36DAA-FE8F-420B-BA13-161B95F06E64}.Release|Any CPU.Deploy.0 = Release|Any CPU
		{87A36DAA-FE8F-420B-BA13-161B95F06E64}.Release|iPhone.ActiveCfg = Release|Any CPU
		{87A36DAA-FE8F-420B-BA13-161B95F06E64}.Release|iPhone.Build.0 = Release|Any CPU
		{87A36DAA-FE8F-420B-BA13-161B95F06E64}.Release|iPhone.Deploy.0 = Release|Any CPU
		{87A36DAA-FE8F-420B-BA13-161B95F06E64}.Release|iPhoneSimulator.ActiveCfg = Release|Any CPU
		{87A36DAA-FE8F-420B-BA13-161B95F06E64}.Release|iPhoneSimulator.Build.0 = Release|Any CPU
		{87A36DAA-FE8F-420B-BA13-161B95F06E64}.Release|iPhoneSimulator.Deploy.0 = Release|Any CPU
	EndGlobalSection
	GlobalSection(SolutionProperties) = preSolution
		HideSolutionNode = FALSE
	EndGlobalSection
	GlobalSection(ExtensibilityGlobals) = postSolution
		SolutionGuid = {3876B21B-CF5C-44C6-9182-3C5492725ECE}
	EndGlobalSection
EndGlobal
